
Microsoft Visual Studio Solution File, Format Version 12.00
# Visual Studio Version 16
VisualStudioVersion = 16.0.30309.148
MinimumVisualStudioVersion = 10.0.40219.1
Project("{FAE04EC0-301F-11D3-BF4B-00C04F79EFBC}") = "Intro_Csharp", "Intro_Csharp\Intro_Csharp.csproj", "{27EA7F1B-24EB-42AD-8340-B4296B4C0260}"
EndProject
Project("{FAE04EC0-301F-11D3-BF4B-00C04F79EFBC}") = "Jointure", "Jointure\Jointure.csproj", "{15951C0B-3C02-4045-A3E8-994B9E936C3A}"
EndProject
Global
	GlobalSection(SolutionConfigurationPlatforms) = preSolution
		Debug|Any CPU = Debug|Any CPU
		Release|Any CPU = Release|Any CPU
	EndGlobalSection
	GlobalSection(ProjectConfigurationPlatforms) = postSolution
		{27EA7F1B-24EB-42AD-8340-B4296B4C0260}.Debug|Any CPU.ActiveCfg = Debug|Any CPU
		{27EA7F1B-24EB-42AD-8340-B4296B4C0260}.Debug|Any CPU.Build.0 = Debug|Any CPU
		{27EA7F1B-24EB-42AD-8340-B4296B4C0260}.Release|Any CPU.ActiveCfg = Release|Any CPU
		{27EA7F1B-24EB-42AD-8340-B4296B4C0260}.Release|Any CPU.Build.0 = Release|Any CPU
		{15951C0B-3C02-4045-A3E8-994B9E936C3A}.Debug|Any CPU.ActiveCfg = Debug|Any CPU
		{15951C0B-3C02-4045-A3E8-994B9E936C3A}.Debug|Any CPU.Build.0 = Debug|Any CPU
		{15951C0B-3C02-4045-A3E8-994B9E936C3A}.Release|Any CPU.ActiveCfg = Release|Any CPU
		{15951C0B-3C02-4045-A3E8-994B9E936C3A}.Release|Any CPU.Build.0 = Release|Any CPU
	EndGlobalSection
	GlobalSection(SolutionProperties) = preSolution
		HideSolutionNode = FALSE
	EndGlobalSection
	GlobalSection(ExtensibilityGlobals) = postSolution
		SolutionGuid = {4A562966-904D-4B1A-B018-11093128702C}
	EndGlobalSection
EndGlobal
